
Microsoft Visual Studio Solution File, Format Version 12.00
# Visual Studio 2013
VisualStudioVersion = 12.0.30723.0
MinimumVisualStudioVersion = 10.0.40219.1
Project("{FAE04EC0-301F-11D3-BF4B-00C04F79EFBC}") = "RentABookApp.Models", "RentABookApp.Models\RentABookApp.Models.csproj", "{E74BA287-4B33-4805-86A9-5354B651CE0C}"
EndProject
Project("{FAE04EC0-301F-11D3-BF4B-00C04F79EFBC}") = "RentABook.Web", "RentABook.Web\RentABook.Web.csproj", "{40090D75-D4BA-4426-85FB-0FD1DE4FC21F}"
EndProject
Project("{FAE04EC0-301F-11D3-BF4B-00C04F79EFBC}") = "RentABook.Web.Tests", "RentABook.Web.Tests\RentABook.Web.Tests.csproj", "{79953AEB-8A14-45C5-B721-18999F88DEC4}"
EndProject
Global
	GlobalSection(SolutionConfigurationPlatforms) = preSolution
		Debug|Any CPU = Debug|Any CPU
		Release|Any CPU = Release|Any CPU
	EndGlobalSection
	GlobalSection(ProjectConfigurationPlatforms) = postSolution
		{E74BA287-4B33-4805-86A9-5354B651CE0C}.Debug|Any CPU.ActiveCfg = Debug|Any CPU
		{E74BA287-4B33-4805-86A9-5354B651CE0C}.Debug|Any CPU.Build.0 = Debug|Any CPU
		{E74BA287-4B33-4805-86A9-5354B651CE0C}.Release|Any CPU.ActiveCfg = Release|Any CPU
		{E74BA287-4B33-4805-86A9-5354B651CE0C}.Release|Any CPU.Build.0 = Release|Any CPU
		{40090D75-D4BA-4426-85FB-0FD1DE4FC21F}.Debug|Any CPU.ActiveCfg = Debug|Any CPU
		{40090D75-D4BA-4426-85FB-0FD1DE4FC21F}.Debug|Any CPU.Build.0 = Debug|Any CPU
		{40090D75-D4BA-4426-85FB-0FD1DE4FC21F}.Release|Any CPU.ActiveCfg = Release|Any CPU
		{40090D75-D4BA-4426-85FB-0FD1DE4FC21F}.Release|Any CPU.Build.0 = Release|Any CPU
		{79953AEB-8A14-45C5-B721-18999F88DEC4}.Debug|Any CPU.ActiveCfg = Debug|Any CPU
		{79953AEB-8A14-45C5-B721-18999F88DEC4}.Debug|Any CPU.Build.0 = Debug|Any CPU
		{79953AEB-8A14-45C5-B721-18999F88DEC4}.Release|Any CPU.ActiveCfg = Release|Any CPU
		{79953AEB-8A14-45C5-B721-18999F88DEC4}.Release|Any CPU.Build.0 = Release|Any CPU
	EndGlobalSection
	GlobalSection(SolutionProperties) = preSolution
		HideSolutionNode = FALSE
	EndGlobalSection
EndGlobal
